
Microsoft Visual Studio Solution File, Format Version 12.00
# Visual Studio Version 16
VisualStudioVersion = 16.0.30523.141
MinimumVisualStudioVersion = 10.0.40219.1
Project("{FAE04EC0-301F-11D3-BF4B-00C04F79EFBC}") = "Cart", "src\Cart\Cart.csproj", "{9EFE32CE-3A69-4CE6-9712-B6332AE119A1}"
EndProject
Project("{FAE04EC0-301F-11D3-BF4B-00C04F79EFBC}") = "Product", "src\Product\Product.csproj", "{14922FDB-4BB9-478B-9E67-573E51B82FDB}"
EndProject
Project("{FAE04EC0-301F-11D3-BF4B-00C04F79EFBC}") = "CartTest", "test\CartTest\CartTest.csproj", "{7F7491DA-5899-4663-85EE-4ABB2E57ED25}"
EndProject
Project("{FAE04EC0-301F-11D3-BF4B-00C04F79EFBC}") = "ProductTest", "test\ProductTest\ProductTest.csproj", "{6A6C615C-8CBF-41BA-B657-1FCCD65F5B02}"
EndProject
Global
	GlobalSection(SolutionConfigurationPlatforms) = preSolution
		Debug|Any CPU = Debug|Any CPU
		Release|Any CPU = Release|Any CPU
	EndGlobalSection
	GlobalSection(ProjectConfigurationPlatforms) = postSolution
		{9EFE32CE-3A69-4CE6-9712-B6332AE119A1}.Debug|Any CPU.ActiveCfg = Debug|Any CPU
		{9EFE32CE-3A69-4CE6-9712-B6332AE119A1}.Debug|Any CPU.Build.0 = Debug|Any CPU
		{9EFE32CE-3A69-4CE6-9712-B6332AE119A1}.Release|Any CPU.ActiveCfg = Release|Any CPU
		{9EFE32CE-3A69-4CE6-9712-B6332AE119A1}.Release|Any CPU.Build.0 = Release|Any CPU
		{14922FDB-4BB9-478B-9E67-573E51B82FDB}.Debug|Any CPU.ActiveCfg = Debug|Any CPU
		{14922FDB-4BB9-478B-9E67-573E51B82FDB}.Debug|Any CPU.Build.0 = Debug|Any CPU
		{14922FDB-4BB9-478B-9E67-573E51B82FDB}.Release|Any CPU.ActiveCfg = Release|Any CPU
		{14922FDB-4BB9-478B-9E67-573E51B82FDB}.Release|Any CPU.Build.0 = Release|Any CPU
		{7F7491DA-5899-4663-85EE-4ABB2E57ED25}.Debug|Any CPU.ActiveCfg = Debug|Any CPU
		{7F7491DA-5899-4663-85EE-4ABB2E57ED25}.Debug|Any CPU.Build.0 = Debug|Any CPU
		{7F7491DA-5899-4663-85EE-4ABB2E57ED25}.Release|Any CPU.ActiveCfg = Release|Any CPU
		{7F7491DA-5899-4663-85EE-4ABB2E57ED25}.Release|Any CPU.Build.0 = Release|Any CPU
		{6A6C615C-8CBF-41BA-B657-1FCCD65F5B02}.Debug|Any CPU.ActiveCfg = Debug|Any CPU
		{6A6C615C-8CBF-41BA-B657-1FCCD65F5B02}.Debug|Any CPU.Build.0 = Debug|Any CPU
		{6A6C615C-8CBF-41BA-B657-1FCCD65F5B02}.Release|Any CPU.ActiveCfg = Release|Any CPU
		{6A6C615C-8CBF-41BA-B657-1FCCD65F5B02}.Release|Any CPU.Build.0 = Release|Any CPU
	EndGlobalSection
	GlobalSection(SolutionProperties) = preSolution
		HideSolutionNode = FALSE
	EndGlobalSection
	GlobalSection(ExtensibilityGlobals) = postSolution
		SolutionGuid = {F38CF383-2F67-44B7-8534-466E2C7E3E8C}
	EndGlobalSection
EndGlobal
